
Microsoft Visual Studio Solution File, Format Version 12.00
# Visual Studio Version 16
VisualStudioVersion = 16.0.31729.503
MinimumVisualStudioVersion = 10.0.40219.1
Project("{8BC9CEB8-8B4A-11D0-8D11-00A0C91BC942}") = "Strukture_7_zadatak", "Strukture_7_zadatak\Strukture_7_zadatak.vcxproj", "{70692981-783D-40A0-B48E-7C1F8765281D}"
EndProject
Global
	GlobalSection(SolutionConfigurationPlatforms) = preSolution
		Debug|x64 = Debug|x64
		Debug|x86 = Debug|x86
		Release|x64 = Release|x64
		Release|x86 = Release|x86
	EndGlobalSection
	GlobalSection(ProjectConfigurationPlatforms) = postSolution
		{70692981-783D-40A0-B48E-7C1F8765281D}.Debug|x64.ActiveCfg = Debug|x64
		{70692981-783D-40A0-B48E-7C1F8765281D}.Debug|x64.Build.0 = Debug|x64
		{70692981-783D-40A0-B48E-7C1F8765281D}.Debug|x86.ActiveCfg = Debug|Win32
		{70692981-783D-40A0-B48E-7C1F8765281D}.Debug|x86.Build.0 = Debug|Win32
		{70692981-783D-40A0-B48E-7C1F8765281D}.Release|x64.ActiveCfg = Release|x64
		{70692981-783D-40A0-B48E-7C1F8765281D}.Release|x64.Build.0 = Release|x64
		{70692981-783D-40A0-B48E-7C1F8765281D}.Release|x86.ActiveCfg = Release|Win32
		{70692981-783D-40A0-B48E-7C1F8765281D}.Release|x86.Build.0 = Release|Win32
	EndGlobalSection
	GlobalSection(SolutionProperties) = preSolution
		HideSolutionNode = FALSE
	EndGlobalSection
	GlobalSection(ExtensibilityGlobals) = postSolution
		SolutionGuid = {D0D47599-420F-4C6C-914F-15D153F76E10}
	EndGlobalSection
EndGlobal
