
Microsoft Visual Studio Solution File, Format Version 12.00
# Visual Studio Version 17
VisualStudioVersion = 17.4.33403.182
MinimumVisualStudioVersion = 10.0.40219.1
Project("{8BC9CEB8-8B4A-11D0-8D11-00A0C91BC942}") = "Strukture_8.b_zadatak", "Strukture_8.b_zadatak\Strukture_8.b_zadatak.vcxproj", "{44B06822-955A-427D-AF8F-F2708F5EEE90}"
EndProject
Global
	GlobalSection(SolutionConfigurationPlatforms) = preSolution
		Debug|x64 = Debug|x64
		Debug|x86 = Debug|x86
		Release|x64 = Release|x64
		Release|x86 = Release|x86
	EndGlobalSection
	GlobalSection(ProjectConfigurationPlatforms) = postSolution
		{44B06822-955A-427D-AF8F-F2708F5EEE90}.Debug|x64.ActiveCfg = Debug|x64
		{44B06822-955A-427D-AF8F-F2708F5EEE90}.Debug|x64.Build.0 = Debug|x64
		{44B06822-955A-427D-AF8F-F2708F5EEE90}.Debug|x86.ActiveCfg = Debug|Win32
		{44B06822-955A-427D-AF8F-F2708F5EEE90}.Debug|x86.Build.0 = Debug|Win32
		{44B06822-955A-427D-AF8F-F2708F5EEE90}.Release|x64.ActiveCfg = Release|x64
		{44B06822-955A-427D-AF8F-F2708F5EEE90}.Release|x64.Build.0 = Release|x64
		{44B06822-955A-427D-AF8F-F2708F5EEE90}.Release|x86.ActiveCfg = Release|Win32
		{44B06822-955A-427D-AF8F-F2708F5EEE90}.Release|x86.Build.0 = Release|Win32
	EndGlobalSection
	GlobalSection(SolutionProperties) = preSolution
		HideSolutionNode = FALSE
	EndGlobalSection
	GlobalSection(ExtensibilityGlobals) = postSolution
		SolutionGuid = {7E5EEF60-4069-48F9-8DDC-60CC3AF25552}
	EndGlobalSection
EndGlobal
